
Microsoft Visual Studio Solution File, Format Version 12.00
# Visual Studio Version 16
VisualStudioVersion = 16.0.31624.102
MinimumVisualStudioVersion = 10.0.40219.1
Project("{FAE04EC0-301F-11D3-BF4B-00C04F79EFBC}") = "DDDWebAPI", "DDDWebAPI\DDDWebAPI.csproj", "{9F386EA2-BC26-4841-861E-2BA44ABD37D9}"
EndProject
Project("{2150E333-8FDC-42A3-9474-1A3956D46DE8}") = "Presentation", "Presentation", "{1041DE27-8807-4A12-889C-494BF9CA7023}"
EndProject
Project("{2150E333-8FDC-42A3-9474-1A3956D46DE8}") = "Application", "Application", "{4E616C1E-917D-4C03-98C3-6423CE0621BC}"
EndProject
Project("{2150E333-8FDC-42A3-9474-1A3956D46DE8}") = "Domain", "Domain", "{98ADCBBC-61AF-4F99-940D-2D483E48D838}"
EndProject
Project("{2150E333-8FDC-42A3-9474-1A3956D46DE8}") = "Infrastructure", "Infrastructure", "{6161D260-202B-4890-A8EB-C6567AA1B96B}"
EndProject
Project("{FAE04EC0-301F-11D3-BF4B-00C04F79EFBC}") = "DDDWebAPI.Domain", "DDDWebAPI.Domain\DDDWebAPI.Domain.csproj", "{CCF24529-BA6B-49DB-9DA2-554DC22F49B5}"
EndProject
Project("{2150E333-8FDC-42A3-9474-1A3956D46DE8}") = "Models", "Models", "{77E3B557-04F7-4B73-B49D-8DDD2E15EF05}"
EndProject
Project("{FAE04EC0-301F-11D3-BF4B-00C04F79EFBC}") = "DDDWebAPI.Domain.core", "DDDWebAPI.Domain.core\DDDWebAPI.Domain.core.csproj", "{46D92458-8FB1-406D-BA56-0318C101B095}"
EndProject
Project("{FAE04EC0-301F-11D3-BF4B-00C04F79EFBC}") = "DDDWebAPI.Domain.Services", "DDDWebAPI.Domain.Services\DDDWebAPI.Domain.Services.csproj", "{2EBCD8A9-F3AD-455F-8705-ECB170344AA9}"
EndProject
Project("{FAE04EC0-301F-11D3-BF4B-00C04F79EFBC}") = "DDDWebAPI.Application", "DDDWebAPI.Application\DDDWebAPI.Application.csproj", "{F4C10287-7D92-4A51-A271-689F1E4FB918}"
EndProject
Project("{FAE04EC0-301F-11D3-BF4B-00C04F79EFBC}") = "DDDWebAPI.Application.DTO", "DDDWebAPI.Application.DTO\DDDWebAPI.Application.DTO.csproj", "{6B15C000-C0CB-4886-8933-EC21FAE466C7}"
EndProject
Project("{2150E333-8FDC-42A3-9474-1A3956D46DE8}") = "Data", "Data", "{F5A451D5-83B4-4FAA-A493-A7B0B9121DE8}"
EndProject
Project("{FAE04EC0-301F-11D3-BF4B-00C04F79EFBC}") = "DDDWebAPI.Infrastructure.Data", "DDDWebAPI.Infrastructure.Data\DDDWebAPI.Infrastructure.Data.csproj", "{283FAE7C-027C-4D76-A457-7D4786FA99C3}"
EndProject
Project("{FAE04EC0-301F-11D3-BF4B-00C04F79EFBC}") = "DDDWebAPI.Infrastruture.Repository", "DDDWebAPI.Infrastruture.Repository\DDDWebAPI.Infrastruture.Repository.csproj", "{D94CBA57-06E7-476E-993A-09FA634D8E07}"
EndProject
Project("{2150E333-8FDC-42A3-9474-1A3956D46DE8}") = "CrossCutting", "CrossCutting", "{CA6AD36D-266D-41D3-B991-7EAB9E6736D9}"
EndProject
Project("{FAE04EC0-301F-11D3-BF4B-00C04F79EFBC}") = "DDDWebAPI.Infrastruture.CrossCutting.Adapter", "DDDWebAPI.Infrastruture.CrossCutting.Adapter\DDDWebAPI.Infrastruture.CrossCutting.Adapter.csproj", "{BAD0B06D-529F-4888-8944-5856D915B745}"
EndProject
Project("{FAE04EC0-301F-11D3-BF4B-00C04F79EFBC}") = "DDDWebAPI.Infrastruture.CrossCutting.IOC", "DDDWebAPI.Infrastruture.CrossCutting.IOC\DDDWebAPI.Infrastruture.CrossCutting.IOC.csproj", "{2CEEC2CB-6BB1-4BC8-ABEA-435AC8F4D934}"
EndProject
Project("{FAE04EC0-301F-11D3-BF4B-00C04F79EFBC}") = "WebApiDDD.Presentation", "WebApiDDD.Presentation\WebApiDDD.Presentation.csproj", "{D259D6E6-E1FC-4565-A614-60AC799AB50C}"
EndProject
Global
	GlobalSection(SolutionConfigurationPlatforms) = preSolution
		Debug|Any CPU = Debug|Any CPU
		Release|Any CPU = Release|Any CPU
	EndGlobalSection
	GlobalSection(ProjectConfigurationPlatforms) = postSolution
		{9F386EA2-BC26-4841-861E-2BA44ABD37D9}.Debug|Any CPU.ActiveCfg = Debug|Any CPU
		{9F386EA2-BC26-4841-861E-2BA44ABD37D9}.Debug|Any CPU.Build.0 = Debug|Any CPU
		{9F386EA2-BC26-4841-861E-2BA44ABD37D9}.Release|Any CPU.ActiveCfg = Release|Any CPU
		{9F386EA2-BC26-4841-861E-2BA44ABD37D9}.Release|Any CPU.Build.0 = Release|Any CPU
		{CCF24529-BA6B-49DB-9DA2-554DC22F49B5}.Debug|Any CPU.ActiveCfg = Debug|Any CPU
		{CCF24529-BA6B-49DB-9DA2-554DC22F49B5}.Debug|Any CPU.Build.0 = Debug|Any CPU
		{CCF24529-BA6B-49DB-9DA2-554DC22F49B5}.Release|Any CPU.ActiveCfg = Release|Any CPU
		{CCF24529-BA6B-49DB-9DA2-554DC22F49B5}.Release|Any CPU.Build.0 = Release|Any CPU
		{46D92458-8FB1-406D-BA56-0318C101B095}.Debug|Any CPU.ActiveCfg = Debug|Any CPU
		{46D92458-8FB1-406D-BA56-0318C101B095}.Debug|Any CPU.Build.0 = Debug|Any CPU
		{46D92458-8FB1-406D-BA56-0318C101B095}.Release|Any CPU.ActiveCfg = Release|Any CPU
		{46D92458-8FB1-406D-BA56-0318C101B095}.Release|Any CPU.Build.0 = Release|Any CPU
		{2EBCD8A9-F3AD-455F-8705-ECB170344AA9}.Debug|Any CPU.ActiveCfg = Debug|Any CPU
		{2EBCD8A9-F3AD-455F-8705-ECB170344AA9}.Debug|Any CPU.Build.0 = Debug|Any CPU
		{2EBCD8A9-F3AD-455F-8705-ECB170344AA9}.Release|Any CPU.ActiveCfg = Release|Any CPU
		{2EBCD8A9-F3AD-455F-8705-ECB170344AA9}.Release|Any CPU.Build.0 = Release|Any CPU
		{F4C10287-7D92-4A51-A271-689F1E4FB918}.Debug|Any CPU.ActiveCfg = Debug|Any CPU
		{F4C10287-7D92-4A51-A271-689F1E4FB918}.Debug|Any CPU.Build.0 = Debug|Any CPU
		{F4C10287-7D92-4A51-A271-689F1E4FB918}.Release|Any CPU.ActiveCfg = Release|Any CPU
		{F4C10287-7D92-4A51-A271-689F1E4FB918}.Release|Any CPU.Build.0 = Release|Any CPU
		{6B15C000-C0CB-4886-8933-EC21FAE466C7}.Debug|Any CPU.ActiveCfg = Debug|Any CPU
		{6B15C000-C0CB-4886-8933-EC21FAE466C7}.Debug|Any CPU.Build.0 = Debug|Any CPU
		{6B15C000-C0CB-4886-8933-EC21FAE466C7}.Release|Any CPU.ActiveCfg = Release|Any CPU
		{6B15C000-C0CB-4886-8933-EC21FAE466C7}.Release|Any CPU.Build.0 = Release|Any CPU
		{283FAE7C-027C-4D76-A457-7D4786FA99C3}.Debug|Any CPU.ActiveCfg = Debug|Any CPU
		{283FAE7C-027C-4D76-A457-7D4786FA99C3}.Debug|Any CPU.Build.0 = Debug|Any CPU
		{283FAE7C-027C-4D76-A457-7D4786FA99C3}.Release|Any CPU.ActiveCfg = Release|Any CPU
		{283FAE7C-027C-4D76-A457-7D4786FA99C3}.Release|Any CPU.Build.0 = Release|Any CPU
		{D94CBA57-06E7-476E-993A-09FA634D8E07}.Debug|Any CPU.ActiveCfg = Debug|Any CPU
		{D94CBA57-06E7-476E-993A-09FA634D8E07}.Debug|Any CPU.Build.0 = Debug|Any CPU
		{D94CBA57-06E7-476E-993A-09FA634D8E07}.Release|Any CPU.ActiveCfg = Release|Any CPU
		{D94CBA57-06E7-476E-993A-09FA634D8E07}.Release|Any CPU.Build.0 = Release|Any CPU
		{BAD0B06D-529F-4888-8944-5856D915B745}.Debug|Any CPU.ActiveCfg = Debug|Any CPU
		{BAD0B06D-529F-4888-8944-5856D915B745}.Debug|Any CPU.Build.0 = Debug|Any CPU
		{BAD0B06D-529F-4888-8944-5856D915B745}.Release|Any CPU.ActiveCfg = Release|Any CPU
		{BAD0B06D-529F-4888-8944-5856D915B745}.Release|Any CPU.Build.0 = Release|Any CPU
		{2CEEC2CB-6BB1-4BC8-ABEA-435AC8F4D934}.Debug|Any CPU.ActiveCfg = Debug|Any CPU
		{2CEEC2CB-6BB1-4BC8-ABEA-435AC8F4D934}.Debug|Any CPU.Build.0 = Debug|Any CPU
		{2CEEC2CB-6BB1-4BC8-ABEA-435AC8F4D934}.Release|Any CPU.ActiveCfg = Release|Any CPU
		{2CEEC2CB-6BB1-4BC8-ABEA-435AC8F4D934}.Release|Any CPU.Build.0 = Release|Any CPU
		{D259D6E6-E1FC-4565-A614-60AC799AB50C}.Debug|Any CPU.ActiveCfg = Debug|Any CPU
		{D259D6E6-E1FC-4565-A614-60AC799AB50C}.Debug|Any CPU.Build.0 = Debug|Any CPU
		{D259D6E6-E1FC-4565-A614-60AC799AB50C}.Release|Any CPU.ActiveCfg = Release|Any CPU
		{D259D6E6-E1FC-4565-A614-60AC799AB50C}.Release|Any CPU.Build.0 = Release|Any CPU
	EndGlobalSection
	GlobalSection(SolutionProperties) = preSolution
		HideSolutionNode = FALSE
	EndGlobalSection
	GlobalSection(NestedProjects) = preSolution
		{CCF24529-BA6B-49DB-9DA2-554DC22F49B5} = {98ADCBBC-61AF-4F99-940D-2D483E48D838}
		{77E3B557-04F7-4B73-B49D-8DDD2E15EF05} = {98ADCBBC-61AF-4F99-940D-2D483E48D838}
		{46D92458-8FB1-406D-BA56-0318C101B095} = {98ADCBBC-61AF-4F99-940D-2D483E48D838}
		{2EBCD8A9-F3AD-455F-8705-ECB170344AA9} = {77E3B557-04F7-4B73-B49D-8DDD2E15EF05}
		{F4C10287-7D92-4A51-A271-689F1E4FB918} = {4E616C1E-917D-4C03-98C3-6423CE0621BC}
		{6B15C000-C0CB-4886-8933-EC21FAE466C7} = {4E616C1E-917D-4C03-98C3-6423CE0621BC}
		{F5A451D5-83B4-4FAA-A493-A7B0B9121DE8} = {6161D260-202B-4890-A8EB-C6567AA1B96B}
		{283FAE7C-027C-4D76-A457-7D4786FA99C3} = {F5A451D5-83B4-4FAA-A493-A7B0B9121DE8}
		{D94CBA57-06E7-476E-993A-09FA634D8E07} = {F5A451D5-83B4-4FAA-A493-A7B0B9121DE8}
		{CA6AD36D-266D-41D3-B991-7EAB9E6736D9} = {F5A451D5-83B4-4FAA-A493-A7B0B9121DE8}
		{BAD0B06D-529F-4888-8944-5856D915B745} = {CA6AD36D-266D-41D3-B991-7EAB9E6736D9}
		{2CEEC2CB-6BB1-4BC8-ABEA-435AC8F4D934} = {CA6AD36D-266D-41D3-B991-7EAB9E6736D9}
		{D259D6E6-E1FC-4565-A614-60AC799AB50C} = {1041DE27-8807-4A12-889C-494BF9CA7023}
	EndGlobalSection
	GlobalSection(ExtensibilityGlobals) = postSolution
		SolutionGuid = {2A8936E4-8536-4DB6-9A78-9D150178B0D4}
	EndGlobalSection
EndGlobal
